
Microsoft Visual Studio Solution File, Format Version 12.00
# Visual Studio 15
VisualStudioVersion = 15.0.28307.705
MinimumVisualStudioVersion = 10.0.40219.1
Project("{8BC9CEB8-8B4A-11D0-8D11-00A0C91BC942}") = "Task2_1", "Task2_1\Task2_1.vcxproj", "{F54C3E3B-24F9-491F-A160-732B94AD9F7B}"
EndProject
Global
	GlobalSection(SolutionConfigurationPlatforms) = preSolution
		Debug|x64 = Debug|x64
		Debug|x86 = Debug|x86
		Release|x64 = Release|x64
		Release|x86 = Release|x86
	EndGlobalSection
	GlobalSection(ProjectConfigurationPlatforms) = postSolution
		{F54C3E3B-24F9-491F-A160-732B94AD9F7B}.Debug|x64.ActiveCfg = Debug|x64
		{F54C3E3B-24F9-491F-A160-732B94AD9F7B}.Debug|x64.Build.0 = Debug|x64
		{F54C3E3B-24F9-491F-A160-732B94AD9F7B}.Debug|x86.ActiveCfg = Debug|Win32
		{F54C3E3B-24F9-491F-A160-732B94AD9F7B}.Debug|x86.Build.0 = Debug|Win32
		{F54C3E3B-24F9-491F-A160-732B94AD9F7B}.Release|x64.ActiveCfg = Release|x64
		{F54C3E3B-24F9-491F-A160-732B94AD9F7B}.Release|x64.Build.0 = Release|x64
		{F54C3E3B-24F9-491F-A160-732B94AD9F7B}.Release|x86.ActiveCfg = Release|Win32
		{F54C3E3B-24F9-491F-A160-732B94AD9F7B}.Release|x86.Build.0 = Release|Win32
	EndGlobalSection
	GlobalSection(SolutionProperties) = preSolution
		HideSolutionNode = FALSE
	EndGlobalSection
	GlobalSection(ExtensibilityGlobals) = postSolution
		SolutionGuid = {A91C07AD-2A6D-445E-AFD3-FDBAC370816A}
	EndGlobalSection
EndGlobal
